
Microsoft Visual Studio Solution File, Format Version 12.00
# Visual Studio Version 17
VisualStudioVersion = 17.0.31912.275
MinimumVisualStudioVersion = 10.0.40219.1
Project("{9A19103F-16F7-4668-BE54-9A1E7A4F7556}") = "FastWebTest", "FastWebTest.csproj", "{C7A56ADE-C658-4504-BF76-AC83F089C467}"
EndProject
Global
	GlobalSection(SolutionConfigurationPlatforms) = preSolution
		Debug|Any CPU = Debug|Any CPU
		Release|Any CPU = Release|Any CPU
	EndGlobalSection
	GlobalSection(ProjectConfigurationPlatforms) = postSolution
		{C7A56ADE-C658-4504-BF76-AC83F089C467}.Debug|Any CPU.ActiveCfg = Debug|Any CPU
		{C7A56ADE-C658-4504-BF76-AC83F089C467}.Debug|Any CPU.Build.0 = Debug|Any CPU
		{C7A56ADE-C658-4504-BF76-AC83F089C467}.Release|Any CPU.ActiveCfg = Release|Any CPU
		{C7A56ADE-C658-4504-BF76-AC83F089C467}.Release|Any CPU.Build.0 = Release|Any CPU
	EndGlobalSection
	GlobalSection(SolutionProperties) = preSolution
		HideSolutionNode = FALSE
	EndGlobalSection
	GlobalSection(ExtensibilityGlobals) = postSolution
		SolutionGuid = {C535A241-C90C-4217-8DDB-BF8B80A7702A}
	EndGlobalSection
EndGlobal
